// !$*UTF8*$!
{
	archiveVersion = 1;
	classes = {
	};
	objectVersion = 46;
	objects = {

/* Begin PBXBuildFile section */
		B0ED8A161BB33DB900A5E638 /* AppDelegate.swift in Sources */ = {isa = PBXBuildFile; fileRef = B0ED8A151BB33DB900A5E638 /* AppDelegate.swift */; };
		B0ED8A1D1BB33DB900A5E638 /* Assets.xcassets in Resources */ = {isa = PBXBuildFile; fileRef = B0ED8A1C1BB33DB900A5E638 /* Assets.xcassets */; };
		B0ED8A201BB33DB900A5E638 /* LaunchScreen.storyboard in Resources */ = {isa = PBXBuildFile; fileRef = B0ED8A1E1BB33DB900A5E638 /* LaunchScreen.storyboard */; };
		B0ED8A411BB33DFD00A5E638 /* UIHeaderTab.xib in Resources */ = {isa = PBXBuildFile; fileRef = B0ED8A381BB33DFD00A5E638 /* UIHeaderTab.xib */; };
		B0ED8A421BB33DFD00A5E638 /* UIHeaderTabsNib.xib in Resources */ = {isa = PBXBuildFile; fileRef = B0ED8A3A1BB33DFD00A5E638 /* UIHeaderTabsNib.xib */; };
		B0ED8A441BB33DFD00A5E638 /* TabGroupsControllable.swift in Sources */ = {isa = PBXBuildFile; fileRef = B0ED8A3E1BB33DFD00A5E638 /* TabGroupsControllable.swift */; };
		B0ED8A451BB33DFD00A5E638 /* UIHeaderTab.swift in Sources */ = {isa = PBXBuildFile; fileRef = B0ED8A3F1BB33DFD00A5E638 /* UIHeaderTab.swift */; };
		B0ED8A461BB33DFD00A5E638 /* UIHeaderTabs.swift in Sources */ = {isa = PBXBuildFile; fileRef = B0ED8A401BB33DFD00A5E638 /* UIHeaderTabs.swift */; };
		B0ED8A4F1BB33FF300A5E638 /* List.storyboard in Resources */ = {isa = PBXBuildFile; fileRef = B0ED8A481BB33FF300A5E638 /* List.storyboard */; };
		B0ED8A501BB33FF300A5E638 /* ListController.swift in Sources */ = {isa = PBXBuildFile; fileRef = B0ED8A4A1BB33FF300A5E638 /* ListController.swift */; };
		B0ED8A511BB33FF300A5E638 /* Main.storyboard in Resources */ = {isa = PBXBuildFile; fileRef = B0ED8A4C1BB33FF300A5E638 /* Main.storyboard */; };
		B0ED8A521BB33FF300A5E638 /* ListGroupsController.swift in Sources */ = {isa = PBXBuildFile; fileRef = B0ED8A4E1BB33FF300A5E638 /* ListGroupsController.swift */; };
/* End PBXBuildFile section */

/* Begin PBXFileReference section */
		B0ED8A121BB33DB900A5E638 /* UIHeaderTabsExample.app */ = {isa = PBXFileReference; explicitFileType = wrapper.application; includeInIndex = 0; path = UIHeaderTabsExample.app; sourceTree = BUILT_PRODUCTS_DIR; };
		B0ED8A151BB33DB900A5E638 /* AppDelegate.swift */ = {isa = PBXFileReference; lastKnownFileType = sourcecode.swift; path = AppDelegate.swift; sourceTree = "<group>"; };
		B0ED8A1C1BB33DB900A5E638 /* Assets.xcassets */ = {isa = PBXFileReference; lastKnownFileType = folder.assetcatalog; path = Assets.xcassets; sourceTree = "<group>"; };
		B0ED8A1F1BB33DB900A5E638 /* Base */ = {isa = PBXFileReference; lastKnownFileType = file.storyboard; name = Base; path = Base.lproj/LaunchScreen.storyboard; sourceTree = "<group>"; };
		B0ED8A211BB33DB900A5E638 /* Info.plist */ = {isa = PBXFileReference; lastKnownFileType = text.plist.xml; path = Info.plist; sourceTree = "<group>"; };
		B0ED8A391BB33DFD00A5E638 /* Base */ = {isa = PBXFileReference; lastKnownFileType = file.xib; name = Base; path = Base.lproj/UIHeaderTab.xib; sourceTree = "<group>"; };
		B0ED8A3B1BB33DFD00A5E638 /* Base */ = {isa = PBXFileReference; lastKnownFileType = file.xib; name = Base; path = Base.lproj/UIHeaderTabsNib.xib; sourceTree = "<group>"; };
		B0ED8A3E1BB33DFD00A5E638 /* TabGroupsControllable.swift */ = {isa = PBXFileReference; fileEncoding = 4; lastKnownFileType = sourcecode.swift; path = TabGroupsControllable.swift; sourceTree = "<group>"; };
		B0ED8A3F1BB33DFD00A5E638 /* UIHeaderTab.swift */ = {isa = PBXFileReference; fileEncoding = 4; lastKnownFileType = sourcecode.swift; path = UIHeaderTab.swift; sourceTree = "<group>"; };
		B0ED8A401BB33DFD00A5E638 /* UIHeaderTabs.swift */ = {isa = PBXFileReference; fileEncoding = 4; lastKnownFileType = sourcecode.swift; path = UIHeaderTabs.swift; sourceTree = "<group>"; };
		B0ED8A491BB33FF300A5E638 /* Base */ = {isa = PBXFileReference; lastKnownFileType = file.storyboard; name = Base; path = Base.lproj/List.storyboard; sourceTree = "<group>"; };
		B0ED8A4A1BB33FF300A5E638 /* ListController.swift */ = {isa = PBXFileReference; fileEncoding = 4; lastKnownFileType = sourcecode.swift; path = ListController.swift; sourceTree = "<group>"; };
		B0ED8A4D1BB33FF300A5E638 /* Base */ = {isa = PBXFileReference; lastKnownFileType = file.storyboard; name = Base; path = Base.lproj/Main.storyboard; sourceTree = "<group>"; };
		B0ED8A4E1BB33FF300A5E638 /* ListGroupsController.swift */ = {isa = PBXFileReference; fileEncoding = 4; lastKnownFileType = sourcecode.swift; path = ListGroupsController.swift; sourceTree = "<group>"; };
/* End PBXFileReference section */

/* Begin PBXFrameworksBuildPhase section */
		B0ED8A0F1BB33DB900A5E638 /* Frameworks */ = {
			isa = PBXFrameworksBuildPhase;
			buildActionMask = 2147483647;
			files = (
			);
			runOnlyForDeploymentPostprocessing = 0;
		};
/* End PBXFrameworksBuildPhase section */

/* Begin PBXGroup section */
		B0ED8A091BB33DB900A5E638 = {
			isa = PBXGroup;
			children = (
				B0ED8A141BB33DB900A5E638 /* UIHeaderTabsExample */,
				B0ED8A131BB33DB900A5E638 /* Products */,
			);
			sourceTree = "<group>";
		};
		B0ED8A131BB33DB900A5E638 /* Products */ = {
			isa = PBXGroup;
			children = (
				B0ED8A121BB33DB900A5E638 /* UIHeaderTabsExample.app */,
			);
			name = Products;
			sourceTree = "<group>";
		};
		B0ED8A141BB33DB900A5E638 /* UIHeaderTabsExample */ = {
			isa = PBXGroup;
			children = (
				B0ED8A371BB33DFD00A5E638 /* UIHeaderTabs */,
				B0ED8A4B1BB33FF300A5E638 /* List Groups */,
				B0ED8A471BB33FF300A5E638 /* List */,
				B0ED8A151BB33DB900A5E638 /* AppDelegate.swift */,
				B0ED8A1C1BB33DB900A5E638 /* Assets.xcassets */,
				B0ED8A1E1BB33DB900A5E638 /* LaunchScreen.storyboard */,
				B0ED8A211BB33DB900A5E638 /* Info.plist */,
			);
			path = UIHeaderTabsExample;
			sourceTree = "<group>";
		};
		B0ED8A371BB33DFD00A5E638 /* UIHeaderTabs */ = {
			isa = PBXGroup;
			children = (
				B0ED8A3C1BB33DFD00A5E638 /* Protocols */,
				B0ED8A381BB33DFD00A5E638 /* UIHeaderTab.xib */,
				B0ED8A3F1BB33DFD00A5E638 /* UIHeaderTab.swift */,
				B0ED8A3A1BB33DFD00A5E638 /* UIHeaderTabsNib.xib */,
				B0ED8A401BB33DFD00A5E638 /* UIHeaderTabs.swift */,
			);
			path = UIHeaderTabs;
			sourceTree = "<group>";
		};
		B0ED8A3C1BB33DFD00A5E638 /* Protocols */ = {
			isa = PBXGroup;
			children = (
				B0ED8A3E1BB33DFD00A5E638 /* TabGroupsControllable.swift */,
			);
			name = Protocols;
			path = "Tab Groups Protocols";
			sourceTree = "<group>";
		};
		B0ED8A471BB33FF300A5E638 /* List */ = {
			isa = PBXGroup;
			children = (
				B0ED8A481BB33FF300A5E638 /* List.storyboard */,
				B0ED8A4A1BB33FF300A5E638 /* ListController.swift */,
			);
			path = List;
			sourceTree = "<group>";
		};
		B0ED8A4B1BB33FF300A5E638 /* List Groups */ = {
			isa = PBXGroup;
			children = (
				B0ED8A4C1BB33FF300A5E638 /* Main.storyboard */,
				B0ED8A4E1BB33FF300A5E638 /* ListGroupsController.swift */,
			);
			path = "List Groups";
			sourceTree = "<group>";
		};
/* End PBXGroup section */

/* Begin PBXNativeTarget section */
		B0ED8A111BB33DB900A5E638 /* UIHeaderTabsExample */ = {
			isa = PBXNativeTarget;
			buildConfigurationList = B0ED8A241BB33DB900A5E638 /* Build configuration list for PBXNativeTarget "UIHeaderTabsExample" */;
			buildPhases = (
				B0ED8A0E1BB33DB900A5E638 /* Sources */,
				B0ED8A0F1BB33DB900A5E638 /* Frameworks */,
				B0ED8A101BB33DB900A5E638 /* Resources */,
			);
			buildRules = (
			);
			dependencies = (
			);
			name = UIHeaderTabsExample;
			productName = UIHeaderTabsExample;
			productReference = B0ED8A121BB33DB900A5E638 /* UIHeaderTabsExample.app */;
			productType = "com.apple.product-type.application";
		};
/* End PBXNativeTarget section */

/* Begin PBXProject section */
		B0ED8A0A1BB33DB900A5E638 /* Project object */ = {
			isa = PBXProject;
			attributes = {
				LastUpgradeCheck = 0700;
				ORGANIZATIONNAME = "Emily Ivie";
				TargetAttributes = {
					B0ED8A111BB33DB900A5E638 = {
						CreatedOnToolsVersion = 7.0;
					};
				};
			};
			buildConfigurationList = B0ED8A0D1BB33DB900A5E638 /* Build configuration list for PBXProject "UIHeaderTabsExample" */;
			compatibilityVersion = "Xcode 3.2";
			developmentRegion = English;
			hasScannedForEncodings = 0;
			knownRegions = (
				en,
				Base,
			);
			mainGroup = B0ED8A091BB33DB900A5E638;
			productRefGroup = B0ED8A131BB33DB900A5E638 /* Products */;
			projectDirPath = "";
			projectRoot = "";
			targets = (
				B0ED8A111BB33DB900A5E638 /* UIHeaderTabsExample */,
			);
		};
/* End PBXProject section */

/* Begin PBXResourcesBuildPhase section */
		B0ED8A101BB33DB900A5E638 /* Resources */ = {
			isa = PBXResourcesBuildPhase;
			buildActionMask = 2147483647;
			files = (
				B0ED8A201BB33DB900A5E638 /* LaunchScreen.storyboard in Resources */,
				B0ED8A1D1BB33DB900A5E638 /* Assets.xcassets in Resources */,
				B0ED8A411BB33DFD00A5E638 /* UIHeaderTab.xib in Resources */,
				B0ED8A511BB33FF300A5E638 /* Main.storyboard in Resources */,
				B0ED8A4F1BB33FF300A5E638 /* List.storyboard in Resources */,
				B0ED8A421BB33DFD00A5E638 /* UIHeaderTabsNib.xib in Resources */,
			);
			runOnlyForDeploymentPostprocessing = 0;
		};
/* End PBXResourcesBuildPhase section */

/* Begin PBXSourcesBuildPhase section */
		B0ED8A0E1BB33DB900A5E638 /* Sources */ = {
			isa = PBXSourcesBuildPhase;
			buildActionMask = 2147483647;
			files = (
				B0ED8A451BB33DFD00A5E638 /* UIHeaderTab.swift in Sources */,
				B0ED8A461BB33DFD00A5E638 /* UIHeaderTabs.swift in Sources */,
				B0ED8A441BB33DFD00A5E638 /* TabGroupsControllable.swift in Sources */,
				B0ED8A521BB33FF300A5E638 /* ListGroupsController.swift in Sources */,
				B0ED8A161BB33DB900A5E638 /* AppDelegate.swift in Sources */,
				B0ED8A501BB33FF300A5E638 /* ListController.swift in Sources */,
			);
			runOnlyForDeploymentPostprocessing = 0;
		};
/* End PBXSourcesBuildPhase section */

/* Begin PBXVariantGroup section */
		B0ED8A1E1BB33DB900A5E638 /* LaunchScreen.storyboard */ = {
			isa = PBXVariantGroup;
			children = (
				B0ED8A1F1BB33DB900A5E638 /* Base */,
			);
			name = LaunchScreen.storyboard;
			sourceTree = "<group>";
		};
		B0ED8A381BB33DFD00A5E638 /* UIHeaderTab.xib */ = {
			isa = PBXVariantGroup;
			children = (
				B0ED8A391BB33DFD00A5E638 /* Base */,
			);
			name = UIHeaderTab.xib;
			sourceTree = "<group>";
		};
		B0ED8A3A1BB33DFD00A5E638 /* UIHeaderTabsNib.xib */ = {
			isa = PBXVariantGroup;
			children = (
				B0ED8A3B1BB33DFD00A5E638 /* Base */,
			);
			name = UIHeaderTabsNib.xib;
			sourceTree = "<group>";
		};
		B0ED8A481BB33FF300A5E638 /* List.storyboard */ = {
			isa = PBXVariantGroup;
			children = (
				B0ED8A491BB33FF300A5E638 /* Base */,
			);
			name = List.storyboard;
			sourceTree = "<group>";
		};
		B0ED8A4C1BB33FF300A5E638 /* Main.storyboard */ = {
			isa = PBXVariantGroup;
			children = (
				B0ED8A4D1BB33FF300A5E638 /* Base */,
			);
			name = Main.storyboard;
			sourceTree = "<group>";
		};
/* End PBXVariantGroup section */

/* Begin XCBuildConfiguration section */
		B0ED8A221BB33DB900A5E638 /* Debug */ = {
			isa = XCBuildConfiguration;
			buildSettings = {
				ALWAYS_SEARCH_USER_PATHS = NO;
				CLANG_CXX_LANGUAGE_STANDARD = "gnu++0x";
				CLANG_CXX_LIBRARY = "libc++";
				CLANG_ENABLE_MODULES = YES;
				CLANG_ENABLE_OBJC_ARC = YES;
				CLANG_WARN_BOOL_CONVERSION = YES;
				CLANG_WARN_CONSTANT_CONVERSION = YES;
				CLANG_WARN_DIRECT_OBJC_ISA_USAGE = YES_ERROR;
				CLANG_WARN_EMPTY_BODY = YES;
				CLANG_WARN_ENUM_CONVERSION = YES;
				CLANG_WARN_INT_CONVERSION = YES;
				CLANG_WARN_OBJC_ROOT_CLASS = YES_ERROR;
				CLANG_WARN_UNREACHABLE_CODE = YES;
				CLANG_WARN__DUPLICATE_METHOD_MATCH = YES;
				"CODE_SIGN_IDENTITY[sdk=iphoneos*]" = "iPhone Developer";
				COPY_PHASE_STRIP = NO;
				DEBUG_INFORMATION_FORMAT = dwarf;
				ENABLE_STRICT_OBJC_MSGSEND = YES;
				ENABLE_TESTABILITY = YES;
				GCC_C_LANGUAGE_STANDARD = gnu99;
				GCC_DYNAMIC_NO_PIC = NO;
				GCC_NO_COMMON_BLOCKS = YES;
				GCC_OPTIMIZATION_LEVEL = 0;
				GCC_PREPROCESSOR_DEFINITIONS = (
					"DEBUG=1",
					"$(inherited)",
				);
				GCC_WARN_64_TO_32_BIT_CONVERSION = YES;
				GCC_WARN_ABOUT_RETURN_TYPE = YES_ERROR;
				GCC_WARN_UNDECLARED_SELECTOR = YES;
				GCC_WARN_UNINITIALIZED_AUTOS = YES_AGGRESSIVE;
				GCC_WARN_UNUSED_FUNCTION = YES;
				GCC_WARN_UNUSED_VARIABLE = YES;
				IPHONEOS_DEPLOYMENT_TARGET = 9.0;
				MTL_ENABLE_DEBUG_INFO = YES;
				ONLY_ACTIVE_ARCH = YES;
				SDKROOT = iphoneos;
				SWIFT_OPTIMIZATION_LEVEL = "-Onone";
				TARGETED_DEVICE_FAMILY = "1,2";
			};
			name = Debug;
		};
		B0ED8A231BB33DB900A5E638 /* Release */ = {
			isa = XCBuildConfiguration;
			buildSettings = {
				ALWAYS_SEARCH_USER_PATHS = NO;
				CLANG_CXX_LANGUAGE_STANDARD = "gnu++0x";
				CLANG_CXX_LIBRARY = "libc++";
				CLANG_ENABLE_MODULES = YES;
				CLANG_ENABLE_OBJC_ARC = YES;
				CLANG_WARN_BOOL_CONVERSION = YES;
				CLANG_WARN_CONSTANT_CONVERSION = YES;
				CLANG_WARN_DIRECT_OBJC_ISA_USAGE = YES_ERROR;
				CLANG_WARN_EMPTY_BODY = YES;
				CLANG_WARN_ENUM_CONVERSION = YES;
				CLANG_WARN_INT_CONVERSION = YES;
				CLANG_WARN_OBJC_ROOT_CLASS = YES_ERROR;
				CLANG_WARN_UNREACHABLE_CODE = YES;
				CLANG_WARN__DUPLICATE_METHOD_MATCH = YES;
				"CODE_SIGN_IDENTITY[sdk=iphoneos*]" = "iPhone Developer";
				COPY_PHASE_STRIP = NO;
				DEBUG_INFORMATION_FORMAT = "dwarf-with-dsym";
				ENABLE_NS_ASSERTIONS = NO;
				ENABLE_STRICT_OBJC_MSGSEND = YES;
				GCC_C_LANGUAGE_STANDARD = gnu99;
				GCC_NO_COMMON_BLOCKS = YES;
				GCC_WARN_64_TO_32_BIT_CONVERSION = YES;
				GCC_WARN_ABOUT_RETURN_TYPE = YES_ERROR;
				GCC_WARN_UNDECLARED_SELECTOR = YES;
				GCC_WARN_UNINITIALIZED_AUTOS = YES_AGGRESSIVE;
				GCC_WARN_UNUSED_FUNCTION = YES;
				GCC_WARN_UNUSED_VARIABLE = YES;
				IPHONEOS_DEPLOYMENT_TARGET = 9.0;
				MTL_ENABLE_DEBUG_INFO = NO;
				SDKROOT = iphoneos;
				TARGETED_DEVICE_FAMILY = "1,2";
				VALIDATE_PRODUCT = YES;
			};
			name = Release;
		};
		B0ED8A251BB33DB900A5E638 /* Debug */ = {
			isa = XCBuildConfiguration;
			buildSettings = {
				ASSETCATALOG_COMPILER_APPICON_NAME = AppIcon;
				INFOPLIST_FILE = UIHeaderTabsExample/Info.plist;
				LD_RUNPATH_SEARCH_PATHS = "$(inherited) @executable_path/Frameworks";
				PRODUCT_BUNDLE_IDENTIFIER = com.urdnot.UIHeaderTabsExample;
				PRODUCT_NAME = "$(TARGET_NAME)";
			};
			name = Debug;
		};
		B0ED8A261BB33DB900A5E638 /* Release */ = {
			isa = XCBuildConfiguration;
			buildSettings = {
				ASSETCATALOG_COMPILER_APPICON_NAME = AppIcon;
				INFOPLIST_FILE = UIHeaderTabsExample/Info.plist;
				LD_RUNPATH_SEARCH_PATHS = "$(inherited) @executable_path/Frameworks";
				PRODUCT_BUNDLE_IDENTIFIER = com.urdnot.UIHeaderTabsExample;
				PRODUCT_NAME = "$(TARGET_NAME)";
			};
			name = Release;
		};
/* End XCBuildConfiguration section */

/* Begin XCConfigurationList section */
		B0ED8A0D1BB33DB900A5E638 /* Build configuration list for PBXProject "UIHeaderTabsExample" */ = {
			isa = XCConfigurationList;
			buildConfigurations = (
				B0ED8A221BB33DB900A5E638 /* Debug */,
				B0ED8A231BB33DB900A5E638 /* Release */,
			);
			defaultConfigurationIsVisible = 0;
			defaultConfigurationName = Release;
		};
		B0ED8A241BB33DB900A5E638 /* Build configuration list for PBXNativeTarget "UIHeaderTabsExample" */ = {
			isa = XCConfigurationList;
			buildConfigurations = (
				B0ED8A251BB33DB900A5E638 /* Debug */,
				B0ED8A261BB33DB900A5E638 /* Release */,
			);
			defaultConfigurationIsVisible = 0;
			defaultConfigurationName = Release;
		};
/* End XCConfigurationList section */
	};
	rootObject = B0ED8A0A1BB33DB900A5E638 /* Project object */;
}
